// !$*UTF8*$!
{
	archiveVersion = 1;
	classes = {
	};
	objectVersion = 51;
	objects = {

/* Begin PBXBuildFile section */
		43F1C4F224B7A829401ABC1F /* Pods_EasyNet.framework in Frameworks */ = {isa = PBXBuildFile; fileRef = 328484F3363CF2B3028C7A67 /* Pods_EasyNet.framework */; };
		A9B20C682739D335558DF452 /* Pods_EasyNetDemo.framework in Frameworks */ = {isa = PBXBuildFile; fileRef = 9085036626B0DCB75B2888B1 /* Pods_EasyNetDemo.framework */; };
		D60C51282641BAA20064FEC3 /* AccessResponse.m in Sources */ = {isa = PBXBuildFile; fileRef = D60C51272641BAA20064FEC3 /* AccessResponse.m */; };
		D60C512B2641BAD30064FEC3 /* BaseResponse.m in Sources */ = {isa = PBXBuildFile; fileRef = D60C512A2641BAD30064FEC3 /* BaseResponse.m */; };
		D612FDE126386A420027848D /* EasyNet.h in Headers */ = {isa = PBXBuildFile; fileRef = D612FDDF26386A420027848D /* EasyNet.h */; settings = {ATTRIBUTES = (Public, ); }; };
		D612FE0926386AB70027848D /* AppDelegate.m in Sources */ = {isa = PBXBuildFile; fileRef = D612FE0826386AB70027848D /* AppDelegate.m */; };
		D612FE0F26386AB70027848D /* PhotosTableViewController.m in Sources */ = {isa = PBXBuildFile; fileRef = D612FE0E26386AB70027848D /* PhotosTableViewController.m */; };
		D612FE1226386AB70027848D /* Main.storyboard in Resources */ = {isa = PBXBuildFile; fileRef = D612FE1026386AB70027848D /* Main.storyboard */; };
		D612FE1426386AB80027848D /* Assets.xcassets in Resources */ = {isa = PBXBuildFile; fileRef = D612FE1326386AB80027848D /* Assets.xcassets */; };
		D612FE1726386AB80027848D /* LaunchScreen.storyboard in Resources */ = {isa = PBXBuildFile; fileRef = D612FE1526386AB80027848D /* LaunchScreen.storyboard */; };
		D612FE1A26386AB80027848D /* main.m in Sources */ = {isa = PBXBuildFile; fileRef = D612FE1926386AB80027848D /* main.m */; };
		D6A60B9526387AF7004AF28B /* LoggerInterceptor.m in Sources */ = {isa = PBXBuildFile; fileRef = D6A60B9426387AF7004AF28B /* LoggerInterceptor.m */; };
		D6A60B9826387B89004AF28B /* AccessTokenInterceptor.m in Sources */ = {isa = PBXBuildFile; fileRef = D6A60B9726387B89004AF28B /* AccessTokenInterceptor.m */; };
		D6D17F5926425F3700516648 /* PhotosTableViewPresenter.m in Sources */ = {isa = PBXBuildFile; fileRef = D6D17F5826425F3700516648 /* PhotosTableViewPresenter.m */; };
		D6D17F5C26425F5600516648 /* PhotosTableViewDataSource.m in Sources */ = {isa = PBXBuildFile; fileRef = D6D17F5B26425F5600516648 /* PhotosTableViewDataSource.m */; };
		D6D17F5F26425F8000516648 /* PhotosTableViewCell.m in Sources */ = {isa = PBXBuildFile; fileRef = D6D17F5E26425F8000516648 /* PhotosTableViewCell.m */; };
		D6D17F63264263FA00516648 /* PhotoModel.m in Sources */ = {isa = PBXBuildFile; fileRef = D6D17F62264263FA00516648 /* PhotoModel.m */; };
		D6D17F70264270EA00516648 /* ProfileTableViewController.m in Sources */ = {isa = PBXBuildFile; fileRef = D6D17F6F264270EA00516648 /* ProfileTableViewController.m */; };
		D6D17F732642710600516648 /* UserModel.m in Sources */ = {isa = PBXBuildFile; fileRef = D6D17F722642710600516648 /* UserModel.m */; };
		D6D17F762642711600516648 /* ProfileTableViewPresenter.m in Sources */ = {isa = PBXBuildFile; fileRef = D6D17F752642711600516648 /* ProfileTableViewPresenter.m */; };
		D6D17F792642787E00516648 /* ProfileTableViewCell.m in Sources */ = {isa = PBXBuildFile; fileRef = D6D17F782642787E00516648 /* ProfileTableViewCell.m */; };
		D6D17F7C26427A7900516648 /* ProfileTableViewDataSource.m in Sources */ = {isa = PBXBuildFile; fileRef = D6D17F7B26427A7900516648 /* ProfileTableViewDataSource.m */; };
		D6F9A870264194BF009DB183 /* ENConnectTask+Private.m in Sources */ = {isa = PBXBuildFile; fileRef = D6F9A86A264194BF009DB183 /* ENConnectTask+Private.m */; };
		D6F9A871264194BF009DB183 /* NSString+ENConnectTask.h in Headers */ = {isa = PBXBuildFile; fileRef = D6F9A86B264194BF009DB183 /* NSString+ENConnectTask.h */; settings = {ATTRIBUTES = (Public, ); }; };
		D6F9A872264194BF009DB183 /* NSURLSession+HTTPProxy.m in Sources */ = {isa = PBXBuildFile; fileRef = D6F9A86C264194BF009DB183 /* NSURLSession+HTTPProxy.m */; };
		D6F9A873264194BF009DB183 /* NSString+ENConnectTask.m in Sources */ = {isa = PBXBuildFile; fileRef = D6F9A86D264194BF009DB183 /* NSString+ENConnectTask.m */; };
		D6F9A874264194BF009DB183 /* ENConnectTask+Private.h in Headers */ = {isa = PBXBuildFile; fileRef = D6F9A86E264194BF009DB183 /* ENConnectTask+Private.h */; settings = {ATTRIBUTES = (Private, ); }; };
		D6F9A875264194BF009DB183 /* NSURLSession+HTTPProxy.h in Headers */ = {isa = PBXBuildFile; fileRef = D6F9A86F264194BF009DB183 /* NSURLSession+HTTPProxy.h */; settings = {ATTRIBUTES = (Public, ); }; };
		D6F9A87C264194C8009DB183 /* ENNetworkAgent.m in Sources */ = {isa = PBXBuildFile; fileRef = D6F9A876264194C8009DB183 /* ENNetworkAgent.m */; };
		D6F9A87D264194C8009DB183 /* ENNetworkAgent.h in Headers */ = {isa = PBXBuildFile; fileRef = D6F9A877264194C8009DB183 /* ENNetworkAgent.h */; settings = {ATTRIBUTES = (Public, ); }; };
		D6F9A87E264194C8009DB183 /* ENConnectTask.m in Sources */ = {isa = PBXBuildFile; fileRef = D6F9A878264194C8009DB183 /* ENConnectTask.m */; };
		D6F9A87F264194C8009DB183 /* ENInterceptor.m in Sources */ = {isa = PBXBuildFile; fileRef = D6F9A879264194C8009DB183 /* ENInterceptor.m */; };
		D6F9A880264194C8009DB183 /* ENConnectTask.h in Headers */ = {isa = PBXBuildFile; fileRef = D6F9A87A264194C8009DB183 /* ENConnectTask.h */; settings = {ATTRIBUTES = (Public, ); }; };
		D6F9A881264194C8009DB183 /* ENInterceptor.h in Headers */ = {isa = PBXBuildFile; fileRef = D6F9A87B264194C8009DB183 /* ENInterceptor.h */; settings = {ATTRIBUTES = (Public, ); }; };
		D6F9A88226419594009DB183 /* EasyNet.framework in Frameworks */ = {isa = PBXBuildFile; fileRef = D612FDDC26386A420027848D /* EasyNet.framework */; };
		D6F9A88326419594009DB183 /* EasyNet.framework in Embed Frameworks */ = {isa = PBXBuildFile; fileRef = D612FDDC26386A420027848D /* EasyNet.framework */; settings = {ATTRIBUTES = (CodeSignOnCopy, RemoveHeadersOnCopy, ); }; };
		D6F9A88A2641AA60009DB183 /* NetworkListener.m in Sources */ = {isa = PBXBuildFile; fileRef = D6F9A8892641AA60009DB183 /* NetworkListener.m */; };
		D6F9A88D2641AA9E009DB183 /* NetworkReachInterceptor.m in Sources */ = {isa = PBXBuildFile; fileRef = D6F9A88B2641AA9E009DB183 /* NetworkReachInterceptor.m */; };
		D6F9A8962641AD14009DB183 /* NetworkClient.m in Sources */ = {isa = PBXBuildFile; fileRef = D6F9A8952641AD14009DB183 /* NetworkClient.m */; };
		D6F9A8992641AD20009DB183 /* AccessClient.m in Sources */ = {isa = PBXBuildFile; fileRef = D6F9A8982641AD20009DB183 /* AccessClient.m */; };
		D6F9A89F2641ADEC009DB183 /* BaseRequest.m in Sources */ = {isa = PBXBuildFile; fileRef = D6F9A89E2641ADEC009DB183 /* BaseRequest.m */; };
		D6F9A8A22641ADF9009DB183 /* AccessRequest.m in Sources */ = {isa = PBXBuildFile; fileRef = D6F9A8A12641ADF9009DB183 /* AccessRequest.m */; };
		D6F9A8A62641B1B6009DB183 /* AccessClient+Request.m in Sources */ = {isa = PBXBuildFile; fileRef = D6F9A8A52641B1B6009DB183 /* AccessClient+Request.m */; };
		D6F9A8A92641B1EE009DB183 /* NetworkClient+Request.m in Sources */ = {isa = PBXBuildFile; fileRef = D6F9A8A82641B1EE009DB183 /* NetworkClient+Request.m */; };
/* End PBXBuildFile section */

/* Begin PBXContainerItemProxy section */
		D6F9A88426419594009DB183 /* PBXContainerItemProxy */ = {
			isa = PBXContainerItemProxy;
			containerPortal = D612FDD326386A420027848D /* Project object */;
			proxyType = 1;
			remoteGlobalIDString = D612FDDB26386A420027848D;
			remoteInfo = FastNetwork;
		};
/* End PBXContainerItemProxy section */

/* Begin PBXCopyFilesBuildPhase section */
		D6F9A88626419594009DB183 /* Embed Frameworks */ = {
			isa = PBXCopyFilesBuildPhase;
			buildActionMask = 2147483647;
			dstPath = "";
			dstSubfolderSpec = 10;
			files = (
				D6F9A88326419594009DB183 /* EasyNet.framework in Embed Frameworks */,
			);
			name = "Embed Frameworks";
			runOnlyForDeploymentPostprocessing = 0;
		};
/* End PBXCopyFilesBuildPhase section */

/* Begin PBXFileReference section */
		0006EB720F65B00C9DF7E99C /* Pods-EasyNetDemo.release.xcconfig */ = {isa = PBXFileReference; includeInIndex = 1; lastKnownFileType = text.xcconfig; name = "Pods-EasyNetDemo.release.xcconfig"; path = "Target Support Files/Pods-EasyNetDemo/Pods-EasyNetDemo.release.xcconfig"; sourceTree = "<group>"; };
		1071FC2451AC042ED4EB2020 /* Pods-EasyNetDemo.debug.xcconfig */ = {isa = PBXFileReference; includeInIndex = 1; lastKnownFileType = text.xcconfig; name = "Pods-EasyNetDemo.debug.xcconfig"; path = "Target Support Files/Pods-EasyNetDemo/Pods-EasyNetDemo.debug.xcconfig"; sourceTree = "<group>"; };
		1FF26FA931F76DE29127D7CB /* Pods-EasyNetDemo.release.xcconfig */ = {isa = PBXFileReference; includeInIndex = 1; lastKnownFileType = text.xcconfig; name = "Pods-EasyNetDemo.release.xcconfig"; path = "Target Support Files/Pods-EasyNetDemo/Pods-EasyNetDemo.release.xcconfig"; sourceTree = "<group>"; };
		2F195E8B69371A26A161537D /* Pods-EasyNet.release.xcconfig */ = {isa = PBXFileReference; includeInIndex = 1; lastKnownFileType = text.xcconfig; name = "Pods-EasyNet.release.xcconfig"; path = "Target Support Files/Pods-EasyNet/Pods-EasyNet.release.xcconfig"; sourceTree = "<group>"; };
		328484F3363CF2B3028C7A67 /* Pods_EasyNet.framework */ = {isa = PBXFileReference; explicitFileType = wrapper.framework; includeInIndex = 0; path = Pods_EasyNet.framework; sourceTree = BUILT_PRODUCTS_DIR; };
		6E5D86D8BF3EE6B1C27A262E /* Pods-EasyNet.release.xcconfig */ = {isa = PBXFileReference; includeInIndex = 1; lastKnownFileType = text.xcconfig; name = "Pods-EasyNet.release.xcconfig"; path = "Target Support Files/Pods-EasyNet/Pods-EasyNet.release.xcconfig"; sourceTree = "<group>"; };
		7956B747609520C12AC75F36 /* Pods-EasyNet.debug.xcconfig */ = {isa = PBXFileReference; includeInIndex = 1; lastKnownFileType = text.xcconfig; name = "Pods-EasyNet.debug.xcconfig"; path = "Target Support Files/Pods-EasyNet/Pods-EasyNet.debug.xcconfig"; sourceTree = "<group>"; };
		9085036626B0DCB75B2888B1 /* Pods_EasyNetDemo.framework */ = {isa = PBXFileReference; explicitFileType = wrapper.framework; includeInIndex = 0; path = Pods_EasyNetDemo.framework; sourceTree = BUILT_PRODUCTS_DIR; };
		C2D3A0E839AF8E49A37719C5 /* Pods-EasyNet.debug.xcconfig */ = {isa = PBXFileReference; includeInIndex = 1; lastKnownFileType = text.xcconfig; name = "Pods-EasyNet.debug.xcconfig"; path = "Target Support Files/Pods-EasyNet/Pods-EasyNet.debug.xcconfig"; sourceTree = "<group>"; };
		D60C51262641BAA20064FEC3 /* AccessResponse.h */ = {isa = PBXFileReference; lastKnownFileType = sourcecode.c.h; path = AccessResponse.h; sourceTree = "<group>"; };
		D60C51272641BAA20064FEC3 /* AccessResponse.m */ = {isa = PBXFileReference; lastKnownFileType = sourcecode.c.objc; path = AccessResponse.m; sourceTree = "<group>"; };
		D60C51292641BAD30064FEC3 /* BaseResponse.h */ = {isa = PBXFileReference; lastKnownFileType = sourcecode.c.h; path = BaseResponse.h; sourceTree = "<group>"; };
		D60C512A2641BAD30064FEC3 /* BaseResponse.m */ = {isa = PBXFileReference; lastKnownFileType = sourcecode.c.objc; path = BaseResponse.m; sourceTree = "<group>"; };
		D612FDDC26386A420027848D /* EasyNet.framework */ = {isa = PBXFileReference; explicitFileType = wrapper.framework; includeInIndex = 0; path = EasyNet.framework; sourceTree = BUILT_PRODUCTS_DIR; };
		D612FDDF26386A420027848D /* EasyNet.h */ = {isa = PBXFileReference; lastKnownFileType = sourcecode.c.h; path = EasyNet.h; sourceTree = "<group>"; };
		D612FDE026386A420027848D /* Info.plist */ = {isa = PBXFileReference; lastKnownFileType = text.plist.xml; path = Info.plist; sourceTree = "<group>"; };
		D612FE0526386AB70027848D /* EasyNetDemo.app */ = {isa = PBXFileReference; explicitFileType = wrapper.application; includeInIndex = 0; path = EasyNetDemo.app; sourceTree = BUILT_PRODUCTS_DIR; };
		D612FE0726386AB70027848D /* AppDelegate.h */ = {isa = PBXFileReference; lastKnownFileType = sourcecode.c.h; path = AppDelegate.h; sourceTree = "<group>"; };
		D612FE0826386AB70027848D /* AppDelegate.m */ = {isa = PBXFileReference; lastKnownFileType = sourcecode.c.objc; path = AppDelegate.m; sourceTree = "<group>"; };
		D612FE0D26386AB70027848D /* PhotosTableViewController.h */ = {isa = PBXFileReference; lastKnownFileType = sourcecode.c.h; path = PhotosTableViewController.h; sourceTree = "<group>"; };
		D612FE0E26386AB70027848D /* PhotosTableViewController.m */ = {isa = PBXFileReference; lastKnownFileType = sourcecode.c.objc; path = PhotosTableViewController.m; sourceTree = "<group>"; };
		D612FE1126386AB70027848D /* Base */ = {isa = PBXFileReference; lastKnownFileType = file.storyboard; name = Base; path = Base.lproj/Main.storyboard; sourceTree = "<group>"; };
		D612FE1326386AB80027848D /* Assets.xcassets */ = {isa = PBXFileReference; lastKnownFileType = folder.assetcatalog; path = Assets.xcassets; sourceTree = "<group>"; };
		D612FE1626386AB80027848D /* Base */ = {isa = PBXFileReference; lastKnownFileType = file.storyboard; name = Base; path = Base.lproj/LaunchScreen.storyboard; sourceTree = "<group>"; };
		D612FE1826386AB80027848D /* Info.plist */ = {isa = PBXFileReference; lastKnownFileType = text.plist.xml; path = Info.plist; sourceTree = "<group>"; };
		D612FE1926386AB80027848D /* main.m */ = {isa = PBXFileReference; lastKnownFileType = sourcecode.c.objc; path = main.m; sourceTree = "<group>"; };
		D6A60B9326387AF7004AF28B /* LoggerInterceptor.h */ = {isa = PBXFileReference; lastKnownFileType = sourcecode.c.h; path = LoggerInterceptor.h; sourceTree = "<group>"; };
		D6A60B9426387AF7004AF28B /* LoggerInterceptor.m */ = {isa = PBXFileReference; lastKnownFileType = sourcecode.c.objc; path = LoggerInterceptor.m; sourceTree = "<group>"; };
		D6A60B9626387B89004AF28B /* AccessTokenInterceptor.h */ = {isa = PBXFileReference; lastKnownFileType = sourcecode.c.h; path = AccessTokenInterceptor.h; sourceTree = "<group>"; };
		D6A60B9726387B89004AF28B /* AccessTokenInterceptor.m */ = {isa = PBXFileReference; lastKnownFileType = sourcecode.c.objc; path = AccessTokenInterceptor.m; sourceTree = "<group>"; };
		D6D17F5726425F3700516648 /* PhotosTableViewPresenter.h */ = {isa = PBXFileReference; lastKnownFileType = sourcecode.c.h; path = PhotosTableViewPresenter.h; sourceTree = "<group>"; };
		D6D17F5826425F3700516648 /* PhotosTableViewPresenter.m */ = {isa = PBXFileReference; lastKnownFileType = sourcecode.c.objc; path = PhotosTableViewPresenter.m; sourceTree = "<group>"; };
		D6D17F5A26425F5600516648 /* PhotosTableViewDataSource.h */ = {isa = PBXFileReference; lastKnownFileType = sourcecode.c.h; path = PhotosTableViewDataSource.h; sourceTree = "<group>"; };
		D6D17F5B26425F5600516648 /* PhotosTableViewDataSource.m */ = {isa = PBXFileReference; lastKnownFileType = sourcecode.c.objc; path = PhotosTableViewDataSource.m; sourceTree = "<group>"; };
		D6D17F5D26425F8000516648 /* PhotosTableViewCell.h */ = {isa = PBXFileReference; lastKnownFileType = sourcecode.c.h; path = PhotosTableViewCell.h; sourceTree = "<group>"; };
		D6D17F5E26425F8000516648 /* PhotosTableViewCell.m */ = {isa = PBXFileReference; lastKnownFileType = sourcecode.c.objc; path = PhotosTableViewCell.m; sourceTree = "<group>"; };
		D6D17F61264263FA00516648 /* PhotoModel.h */ = {isa = PBXFileReference; lastKnownFileType = sourcecode.c.h; path = PhotoModel.h; sourceTree = "<group>"; };
		D6D17F62264263FA00516648 /* PhotoModel.m */ = {isa = PBXFileReference; lastKnownFileType = sourcecode.c.objc; path = PhotoModel.m; sourceTree = "<group>"; };
		D6D17F6E264270EA00516648 /* ProfileTableViewController.h */ = {isa = PBXFileReference; lastKnownFileType = sourcecode.c.h; path = ProfileTableViewController.h; sourceTree = "<group>"; };
		D6D17F6F264270EA00516648 /* ProfileTableViewController.m */ = {isa = PBXFileReference; lastKnownFileType = sourcecode.c.objc; path = ProfileTableViewController.m; sourceTree = "<group>"; };
		D6D17F712642710600516648 /* UserModel.h */ = {isa = PBXFileReference; lastKnownFileType = sourcecode.c.h; path = UserModel.h; sourceTree = "<group>"; };
		D6D17F722642710600516648 /* UserModel.m */ = {isa = PBXFileReference; lastKnownFileType = sourcecode.c.objc; path = UserModel.m; sourceTree = "<group>"; };
		D6D17F742642711600516648 /* ProfileTableViewPresenter.h */ = {isa = PBXFileReference; lastKnownFileType = sourcecode.c.h; path = ProfileTableViewPresenter.h; sourceTree = "<group>"; };
		D6D17F752642711600516648 /* ProfileTableViewPresenter.m */ = {isa = PBXFileReference; lastKnownFileType = sourcecode.c.objc; path = ProfileTableViewPresenter.m; sourceTree = "<group>"; };
		D6D17F772642787E00516648 /* ProfileTableViewCell.h */ = {isa = PBXFileReference; lastKnownFileType = sourcecode.c.h; path = ProfileTableViewCell.h; sourceTree = "<group>"; };
		D6D17F782642787E00516648 /* ProfileTableViewCell.m */ = {isa = PBXFileReference; lastKnownFileType = sourcecode.c.objc; path = ProfileTableViewCell.m; sourceTree = "<group>"; };
		D6D17F7A26427A7900516648 /* ProfileTableViewDataSource.h */ = {isa = PBXFileReference; lastKnownFileType = sourcecode.c.h; path = ProfileTableViewDataSource.h; sourceTree = "<group>"; };
		D6D17F7B26427A7900516648 /* ProfileTableViewDataSource.m */ = {isa = PBXFileReference; lastKnownFileType = sourcecode.c.objc; path = ProfileTableViewDataSource.m; sourceTree = "<group>"; };
		D6F9A86A264194BF009DB183 /* ENConnectTask+Private.m */ = {isa = PBXFileReference; fileEncoding = 4; lastKnownFileType = sourcecode.c.objc; path = "ENConnectTask+Private.m"; sourceTree = "<group>"; };
		D6F9A86B264194BF009DB183 /* NSString+ENConnectTask.h */ = {isa = PBXFileReference; fileEncoding = 4; lastKnownFileType = sourcecode.c.h; path = "NSString+ENConnectTask.h"; sourceTree = "<group>"; };
		D6F9A86C264194BF009DB183 /* NSURLSession+HTTPProxy.m */ = {isa = PBXFileReference; fileEncoding = 4; lastKnownFileType = sourcecode.c.objc; path = "NSURLSession+HTTPProxy.m"; sourceTree = "<group>"; };
		D6F9A86D264194BF009DB183 /* NSString+ENConnectTask.m */ = {isa = PBXFileReference; fileEncoding = 4; lastKnownFileType = sourcecode.c.objc; path = "NSString+ENConnectTask.m"; sourceTree = "<group>"; };
		D6F9A86E264194BF009DB183 /* ENConnectTask+Private.h */ = {isa = PBXFileReference; fileEncoding = 4; lastKnownFileType = sourcecode.c.h; path = "ENConnectTask+Private.h"; sourceTree = "<group>"; };
		D6F9A86F264194BF009DB183 /* NSURLSession+HTTPProxy.h */ = {isa = PBXFileReference; fileEncoding = 4; lastKnownFileType = sourcecode.c.h; path = "NSURLSession+HTTPProxy.h"; sourceTree = "<group>"; };
		D6F9A876264194C8009DB183 /* ENNetworkAgent.m */ = {isa = PBXFileReference; fileEncoding = 4; lastKnownFileType = sourcecode.c.objc; path = ENNetworkAgent.m; sourceTree = "<group>"; };
		D6F9A877264194C8009DB183 /* ENNetworkAgent.h */ = {isa = PBXFileReference; fileEncoding = 4; lastKnownFileType = sourcecode.c.h; path = ENNetworkAgent.h; sourceTree = "<group>"; };
		D6F9A878264194C8009DB183 /* ENConnectTask.m */ = {isa = PBXFileReference; fileEncoding = 4; lastKnownFileType = sourcecode.c.objc; path = ENConnectTask.m; sourceTree = "<group>"; };
		D6F9A879264194C8009DB183 /* ENInterceptor.m */ = {isa = PBXFileReference; fileEncoding = 4; lastKnownFileType = sourcecode.c.objc; path = ENInterceptor.m; sourceTree = "<group>"; };
		D6F9A87A264194C8009DB183 /* ENConnectTask.h */ = {isa = PBXFileReference; fileEncoding = 4; lastKnownFileType = sourcecode.c.h; path = ENConnectTask.h; sourceTree = "<group>"; };
		D6F9A87B264194C8009DB183 /* ENInterceptor.h */ = {isa = PBXFileReference; fileEncoding = 4; lastKnownFileType = sourcecode.c.h; path = ENInterceptor.h; sourceTree = "<group>"; };
		D6F9A8882641AA60009DB183 /* NetworkListener.h */ = {isa = PBXFileReference; fileEncoding = 4; lastKnownFileType = sourcecode.c.h; path = NetworkListener.h; sourceTree = "<group>"; };
		D6F9A8892641AA60009DB183 /* NetworkListener.m */ = {isa = PBXFileReference; fileEncoding = 4; lastKnownFileType = sourcecode.c.objc; path = NetworkListener.m; sourceTree = "<group>"; };
		D6F9A88B2641AA9E009DB183 /* NetworkReachInterceptor.m */ = {isa = PBXFileReference; fileEncoding = 4; lastKnownFileType = sourcecode.c.objc; path = NetworkReachInterceptor.m; sourceTree = "<group>"; };
		D6F9A88C2641AA9E009DB183 /* NetworkReachInterceptor.h */ = {isa = PBXFileReference; fileEncoding = 4; lastKnownFileType = sourcecode.c.h; path = NetworkReachInterceptor.h; sourceTree = "<group>"; };
		D6F9A8942641AD14009DB183 /* NetworkClient.h */ = {isa = PBXFileReference; lastKnownFileType = sourcecode.c.h; path = NetworkClient.h; sourceTree = "<group>"; };
		D6F9A8952641AD14009DB183 /* NetworkClient.m */ = {isa = PBXFileReference; lastKnownFileType = sourcecode.c.objc; path = NetworkClient.m; sourceTree = "<group>"; };
		D6F9A8972641AD20009DB183 /* AccessClient.h */ = {isa = PBXFileReference; lastKnownFileType = sourcecode.c.h; path = AccessClient.h; sourceTree = "<group>"; };
		D6F9A8982641AD20009DB183 /* AccessClient.m */ = {isa = PBXFileReference; lastKnownFileType = sourcecode.c.objc; path = AccessClient.m; sourceTree = "<group>"; };
		D6F9A89D2641ADEC009DB183 /* BaseRequest.h */ = {isa = PBXFileReference; lastKnownFileType = sourcecode.c.h; path = BaseRequest.h; sourceTree = "<group>"; };
		D6F9A89E2641ADEC009DB183 /* BaseRequest.m */ = {isa = PBXFileReference; lastKnownFileType = sourcecode.c.objc; path = BaseRequest.m; sourceTree = "<group>"; };
		D6F9A8A02641ADF9009DB183 /* AccessRequest.h */ = {isa = PBXFileReference; lastKnownFileType = sourcecode.c.h; path = AccessRequest.h; sourceTree = "<group>"; };
		D6F9A8A12641ADF9009DB183 /* AccessRequest.m */ = {isa = PBXFileReference; lastKnownFileType = sourcecode.c.objc; path = AccessRequest.m; sourceTree = "<group>"; };
		D6F9A8A42641B1B6009DB183 /* AccessClient+Request.h */ = {isa = PBXFileReference; lastKnownFileType = sourcecode.c.h; path = "AccessClient+Request.h"; sourceTree = "<group>"; };
		D6F9A8A52641B1B6009DB183 /* AccessClient+Request.m */ = {isa = PBXFileReference; lastKnownFileType = sourcecode.c.objc; path = "AccessClient+Request.m"; sourceTree = "<group>"; };
		D6F9A8A72641B1EE009DB183 /* NetworkClient+Request.h */ = {isa = PBXFileReference; lastKnownFileType = sourcecode.c.h; path = "NetworkClient+Request.h"; sourceTree = "<group>"; };
		D6F9A8A82641B1EE009DB183 /* NetworkClient+Request.m */ = {isa = PBXFileReference; lastKnownFileType = sourcecode.c.objc; path = "NetworkClient+Request.m"; sourceTree = "<group>"; };
		FA5C5E4430071DD5C33551E1 /* Pods-EasyNetDemo.debug.xcconfig */ = {isa = PBXFileReference; includeInIndex = 1; lastKnownFileType = text.xcconfig; name = "Pods-EasyNetDemo.debug.xcconfig"; path = "Target Support Files/Pods-EasyNetDemo/Pods-EasyNetDemo.debug.xcconfig"; sourceTree = "<group>"; };
/* End PBXFileReference section */

/* Begin PBXFrameworksBuildPhase section */
		D612FDD926386A420027848D /* Frameworks */ = {
			isa = PBXFrameworksBuildPhase;
			buildActionMask = 2147483647;
			files = (
				43F1C4F224B7A829401ABC1F /* Pods_EasyNet.framework in Frameworks */,
			);
			runOnlyForDeploymentPostprocessing = 0;
		};
		D612FE0226386AB70027848D /* Frameworks */ = {
			isa = PBXFrameworksBuildPhase;
			buildActionMask = 2147483647;
			files = (
				D6F9A88226419594009DB183 /* EasyNet.framework in Frameworks */,
				A9B20C682739D335558DF452 /* Pods_EasyNetDemo.framework in Frameworks */,
			);
			runOnlyForDeploymentPostprocessing = 0;
		};
/* End PBXFrameworksBuildPhase section */

/* Begin PBXGroup section */
		55D13B0460DEAC08F3EDF037 /* Pods */ = {
			isa = PBXGroup;
			children = (
				7956B747609520C12AC75F36 /* Pods-EasyNet.debug.xcconfig */,
				6E5D86D8BF3EE6B1C27A262E /* Pods-EasyNet.release.xcconfig */,
				FA5C5E4430071DD5C33551E1 /* Pods-EasyNetDemo.debug.xcconfig */,
				1FF26FA931F76DE29127D7CB /* Pods-EasyNetDemo.release.xcconfig */,
				C2D3A0E839AF8E49A37719C5 /* Pods-EasyNet.debug.xcconfig */,
				2F195E8B69371A26A161537D /* Pods-EasyNet.release.xcconfig */,
				1071FC2451AC042ED4EB2020 /* Pods-EasyNetDemo.debug.xcconfig */,
				0006EB720F65B00C9DF7E99C /* Pods-EasyNetDemo.release.xcconfig */,
			);
			path = Pods;
			sourceTree = "<group>";
		};
		D612FDD226386A420027848D = {
			isa = PBXGroup;
			children = (
				D612FDDE26386A420027848D /* EasyNet */,
				D612FE0626386AB70027848D /* EasyNetDemo */,
				E55BACBF459B4ED8DF68768A /* Frameworks */,
				55D13B0460DEAC08F3EDF037 /* Pods */,
				D612FDDD26386A420027848D /* Products */,
			);
			sourceTree = "<group>";
		};
		D612FDDD26386A420027848D /* Products */ = {
			isa = PBXGroup;
			children = (
				D612FDDC26386A420027848D /* EasyNet.framework */,
				D612FE0526386AB70027848D /* EasyNetDemo.app */,
			);
			name = Products;
			sourceTree = "<group>";
		};
		D612FDDE26386A420027848D /* EasyNet */ = {
			isa = PBXGroup;
			children = (
				D612FDE726386A640027848D /* Categories */,
				D612FDEE26386A650027848D /* Core */,
				D612FDDF26386A420027848D /* EasyNet.h */,
				D612FDE026386A420027848D /* Info.plist */,
			);
			path = EasyNet;
			sourceTree = "<group>";
		};
		D612FDE726386A640027848D /* Categories */ = {
			isa = PBXGroup;
			children = (
				D6F9A86E264194BF009DB183 /* ENConnectTask+Private.h */,
				D6F9A86A264194BF009DB183 /* ENConnectTask+Private.m */,
				D6F9A86B264194BF009DB183 /* NSString+ENConnectTask.h */,
				D6F9A86D264194BF009DB183 /* NSString+ENConnectTask.m */,
				D6F9A86F264194BF009DB183 /* NSURLSession+HTTPProxy.h */,
				D6F9A86C264194BF009DB183 /* NSURLSession+HTTPProxy.m */,
			);
			path = Categories;
			sourceTree = "<group>";
		};
		D612FDEE26386A650027848D /* Core */ = {
			isa = PBXGroup;
			children = (
				D6F9A87A264194C8009DB183 /* ENConnectTask.h */,
				D6F9A878264194C8009DB183 /* ENConnectTask.m */,
				D6F9A87B264194C8009DB183 /* ENInterceptor.h */,
				D6F9A879264194C8009DB183 /* ENInterceptor.m */,
				D6F9A877264194C8009DB183 /* ENNetworkAgent.h */,
				D6F9A876264194C8009DB183 /* ENNetworkAgent.m */,
			);
			path = Core;
			sourceTree = "<group>";
		};
		D612FE0626386AB70027848D /* EasyNetDemo */ = {
			isa = PBXGroup;
			children = (
				D6D17F6426426BD600516648 /* Data */,
				D6F9A88F2641AC44009DB183 /* Other */,
				D6F9A8902641AC4F009DB183 /* Supporting Files */,
				D6D17F6626426BF600516648 /* UI */,
			);
			path = EasyNetDemo;
			sourceTree = "<group>";
		};
		D6A60B9226387AD1004AF28B /* Logger */ = {
			isa = PBXGroup;
			children = (
				D6A60B9626387B89004AF28B /* AccessTokenInterceptor.h */,
				D6A60B9726387B89004AF28B /* AccessTokenInterceptor.m */,
				D6A60B9326387AF7004AF28B /* LoggerInterceptor.h */,
				D6A60B9426387AF7004AF28B /* LoggerInterceptor.m */,
				D6F9A88C2641AA9E009DB183 /* NetworkReachInterceptor.h */,
				D6F9A88B2641AA9E009DB183 /* NetworkReachInterceptor.m */,
			);
			path = Logger;
			sourceTree = "<group>";
		};
		D6D17F5426425EBB00516648 /* Views */ = {
			isa = PBXGroup;
			children = (
				D6D17F5D26425F8000516648 /* PhotosTableViewCell.h */,
				D6D17F5E26425F8000516648 /* PhotosTableViewCell.m */,
			);
			path = Views;
			sourceTree = "<group>";
		};
		D6D17F5526425EBF00516648 /* Controllers */ = {
			isa = PBXGroup;
			children = (
				D612FE1526386AB80027848D /* LaunchScreen.storyboard */,
				D612FE1026386AB70027848D /* Main.storyboard */,
				D612FE0D26386AB70027848D /* PhotosTableViewController.h */,
				D612FE0E26386AB70027848D /* PhotosTableViewController.m */,
				D6D17F5A26425F5600516648 /* PhotosTableViewDataSource.h */,
				D6D17F5B26425F5600516648 /* PhotosTableViewDataSource.m */,
			);
			path = Controllers;
			sourceTree = "<group>";
		};
		D6D17F5626425ECB00516648 /* Presenters */ = {
			isa = PBXGroup;
			children = (
				D6D17F5726425F3700516648 /* PhotosTableViewPresenter.h */,
				D6D17F5826425F3700516648 /* PhotosTableViewPresenter.m */,
			);
			path = Presenters;
			sourceTree = "<group>";
		};
		D6D17F60264263AF00516648 /* Models */ = {
			isa = PBXGroup;
			children = (
				D6D17F61264263FA00516648 /* PhotoModel.h */,
				D6D17F62264263FA00516648 /* PhotoModel.m */,
			);
			path = Models;
			sourceTree = "<group>";
		};
		D6D17F6426426BD600516648 /* Data */ = {
			isa = PBXGroup;
			children = (
				D6F9A8932641ACD8009DB183 /* Clients */,
				D6F9A8872641AA60009DB183 /* Listener */,
				D6A60B9226387AD1004AF28B /* Logger */,
				D6F9A8A32641B142009DB183 /* Services */,
			);
			path = Data;
			sourceTree = "<group>";
		};
		D6D17F6626426BF600516648 /* UI */ = {
			isa = PBXGroup;
			children = (
				D6F9A88E2641AC3D009DB183 /* Photos */,
				D6D17F69264270B500516648 /* Profile */,
			);
			path = UI;
			sourceTree = "<group>";
		};
		D6D17F6726426E5900516648 /* Access */ = {
			isa = PBXGroup;
			children = (
				D6F9A8A42641B1B6009DB183 /* AccessClient+Request.h */,
				D6F9A8A52641B1B6009DB183 /* AccessClient+Request.m */,
				D6F9A8A02641ADF9009DB183 /* AccessRequest.h */,
				D6F9A8A12641ADF9009DB183 /* AccessRequest.m */,
				D60C51262641BAA20064FEC3 /* AccessResponse.h */,
				D60C51272641BAA20064FEC3 /* AccessResponse.m */,
			);
			path = Access;
			sourceTree = "<group>";
		};
		D6D17F6826426E7200516648 /* Base */ = {
			isa = PBXGroup;
			children = (
				D6F9A89D2641ADEC009DB183 /* BaseRequest.h */,
				D6F9A89E2641ADEC009DB183 /* BaseRequest.m */,
				D60C51292641BAD30064FEC3 /* BaseResponse.h */,
				D60C512A2641BAD30064FEC3 /* BaseResponse.m */,
				D6F9A8A72641B1EE009DB183 /* NetworkClient+Request.h */,
				D6F9A8A82641B1EE009DB183 /* NetworkClient+Request.m */,
			);
			path = Base;
			sourceTree = "<group>";
		};
		D6D17F69264270B500516648 /* Profile */ = {
			isa = PBXGroup;
			children = (
				D6D17F6A264270BC00516648 /* Controllers */,
				D6D17F6B264270C400516648 /* Models */,
				D6D17F6C264270C900516648 /* Presenters */,
				D6D17F6D264270D000516648 /* Views */,
			);
			path = Profile;
			sourceTree = "<group>";
		};
		D6D17F6A264270BC00516648 /* Controllers */ = {
			isa = PBXGroup;
			children = (
				D6D17F6E264270EA00516648 /* ProfileTableViewController.h */,
				D6D17F6F264270EA00516648 /* ProfileTableViewController.m */,
				D6D17F7A26427A7900516648 /* ProfileTableViewDataSource.h */,
				D6D17F7B26427A7900516648 /* ProfileTableViewDataSource.m */,
			);
			path = Controllers;
			sourceTree = "<group>";
		};
		D6D17F6B264270C400516648 /* Models */ = {
			isa = PBXGroup;
			children = (
				D6D17F712642710600516648 /* UserModel.h */,
				D6D17F722642710600516648 /* UserModel.m */,
			);
			path = Models;
			sourceTree = "<group>";
		};
		D6D17F6C264270C900516648 /* Presenters */ = {
			isa = PBXGroup;
			children = (
				D6D17F742642711600516648 /* ProfileTableViewPresenter.h */,
				D6D17F752642711600516648 /* ProfileTableViewPresenter.m */,
			);
			path = Presenters;
			sourceTree = "<group>";
		};
		D6D17F6D264270D000516648 /* Views */ = {
			isa = PBXGroup;
			children = (
				D6D17F772642787E00516648 /* ProfileTableViewCell.h */,
				D6D17F782642787E00516648 /* ProfileTableViewCell.m */,
			);
			path = Views;
			sourceTree = "<group>";
		};
		D6F9A8872641AA60009DB183 /* Listener */ = {
			isa = PBXGroup;
			children = (
				D6F9A8882641AA60009DB183 /* NetworkListener.h */,
				D6F9A8892641AA60009DB183 /* NetworkListener.m */,
			);
			path = Listener;
			sourceTree = "<group>";
		};
		D6F9A88E2641AC3D009DB183 /* Photos */ = {
			isa = PBXGroup;
			children = (
				D6D17F5526425EBF00516648 /* Controllers */,
				D6D17F60264263AF00516648 /* Models */,
				D6D17F5626425ECB00516648 /* Presenters */,
				D6D17F5426425EBB00516648 /* Views */,
			);
			path = Photos;
			sourceTree = "<group>";
		};
		D6F9A88F2641AC44009DB183 /* Other */ = {
			isa = PBXGroup;
			children = (
				D612FE0726386AB70027848D /* AppDelegate.h */,
				D612FE0826386AB70027848D /* AppDelegate.m */,
				D612FE1926386AB80027848D /* main.m */,
			);
			path = Other;
			sourceTree = "<group>";
		};
		D6F9A8902641AC4F009DB183 /* Supporting Files */ = {
			isa = PBXGroup;
			children = (
				D612FE1326386AB80027848D /* Assets.xcassets */,
				D612FE1826386AB80027848D /* Info.plist */,
			);
			path = "Supporting Files";
			sourceTree = "<group>";
		};
		D6F9A8932641ACD8009DB183 /* Clients */ = {
			isa = PBXGroup;
			children = (
				D6F9A8972641AD20009DB183 /* AccessClient.h */,
				D6F9A8982641AD20009DB183 /* AccessClient.m */,
				D6F9A8942641AD14009DB183 /* NetworkClient.h */,
				D6F9A8952641AD14009DB183 /* NetworkClient.m */,
			);
			path = Clients;
			sourceTree = "<group>";
		};
		D6F9A8A32641B142009DB183 /* Services */ = {
			isa = PBXGroup;
			children = (
				D6D17F6726426E5900516648 /* Access */,
				D6D17F6826426E7200516648 /* Base */,
			);
			path = Services;
			sourceTree = "<group>";
		};
		E55BACBF459B4ED8DF68768A /* Frameworks */ = {
			isa = PBXGroup;
			children = (
				328484F3363CF2B3028C7A67 /* Pods_EasyNet.framework */,
				9085036626B0DCB75B2888B1 /* Pods_EasyNetDemo.framework */,
			);
			name = Frameworks;
			sourceTree = "<group>";
		};
/* End PBXGroup section */

/* Begin PBXHeadersBuildPhase section */
		D612FDD726386A420027848D /* Headers */ = {
			isa = PBXHeadersBuildPhase;
			buildActionMask = 2147483647;
			files = (
				D6F9A874264194BF009DB183 /* ENConnectTask+Private.h in Headers */,
				D6F9A875264194BF009DB183 /* NSURLSession+HTTPProxy.h in Headers */,
				D6F9A871264194BF009DB183 /* NSString+ENConnectTask.h in Headers */,
				D6F9A880264194C8009DB183 /* ENConnectTask.h in Headers */,
				D6F9A881264194C8009DB183 /* ENInterceptor.h in Headers */,
				D6F9A87D264194C8009DB183 /* ENNetworkAgent.h in Headers */,
				D612FDE126386A420027848D /* EasyNet.h in Headers */,
			);
			runOnlyForDeploymentPostprocessing = 0;
		};
/* End PBXHeadersBuildPhase section */

/* Begin PBXNativeTarget section */
		D612FDDB26386A420027848D /* EasyNet */ = {
			isa = PBXNativeTarget;
			buildConfigurationList = D612FDE426386A420027848D /* Build configuration list for PBXNativeTarget "EasyNet" */;
			buildPhases = (
				1CBCABB5EB3D3F645A362AF6 /* [CP] Check Pods Manifest.lock */,
				D612FDD726386A420027848D /* Headers */,
				D612FDD826386A420027848D /* Sources */,
				D612FDD926386A420027848D /* Frameworks */,
				D612FDDA26386A420027848D /* Resources */,
			);
			buildRules = (
			);
			dependencies = (
			);
			name = EasyNet;
			productName = FastNetwork;
			productReference = D612FDDC26386A420027848D /* EasyNet.framework */;
			productType = "com.apple.product-type.framework";
		};
		D612FE0426386AB70027848D /* EasyNetDemo */ = {
			isa = PBXNativeTarget;
			buildConfigurationList = D612FE1B26386AB80027848D /* Build configuration list for PBXNativeTarget "EasyNetDemo" */;
			buildPhases = (
				956E5D463E0555C910DECA7C /* [CP] Check Pods Manifest.lock */,
				D612FE0126386AB70027848D /* Sources */,
				D612FE0226386AB70027848D /* Frameworks */,
				D612FE0326386AB70027848D /* Resources */,
				D6F9A88626419594009DB183 /* Embed Frameworks */,
				43BD65C39D32F0F74410D12F /* [CP] Embed Pods Frameworks */,
			);
			buildRules = (
			);
			dependencies = (
				D6F9A88526419594009DB183 /* PBXTargetDependency */,
			);
			name = EasyNetDemo;
			productName = FastNetworkDemo;
			productReference = D612FE0526386AB70027848D /* EasyNetDemo.app */;
			productType = "com.apple.product-type.application";
		};
/* End PBXNativeTarget section */

/* Begin PBXProject section */
		D612FDD326386A420027848D /* Project object */ = {
			isa = PBXProject;
			attributes = {
				LastUpgradeCheck = 1250;
				TargetAttributes = {
					D612FDDB26386A420027848D = {
						CreatedOnToolsVersion = 12.5;
					};
					D612FE0426386AB70027848D = {
						CreatedOnToolsVersion = 12.5;
					};
				};
			};
			buildConfigurationList = D612FDD626386A420027848D /* Build configuration list for PBXProject "EasyNet" */;
			compatibilityVersion = "Xcode 9.3";
			developmentRegion = en;
			hasScannedForEncodings = 0;
			knownRegions = (
				en,
				Base,
			);
			mainGroup = D612FDD226386A420027848D;
			productRefGroup = D612FDDD26386A420027848D /* Products */;
			projectDirPath = "";
			projectRoot = "";
			targets = (
				D612FDDB26386A420027848D /* EasyNet */,
				D612FE0426386AB70027848D /* EasyNetDemo */,
			);
		};
/* End PBXProject section */

/* Begin PBXResourcesBuildPhase section */
		D612FDDA26386A420027848D /* Resources */ = {
			isa = PBXResourcesBuildPhase;
			buildActionMask = 2147483647;
			files = (
			);
			runOnlyForDeploymentPostprocessing = 0;
		};
		D612FE0326386AB70027848D /* Resources */ = {
			isa = PBXResourcesBuildPhase;
			buildActionMask = 2147483647;
			files = (
				D612FE1726386AB80027848D /* LaunchScreen.storyboard in Resources */,
				D612FE1426386AB80027848D /* Assets.xcassets in Resources */,
				D612FE1226386AB70027848D /* Main.storyboard in Resources */,
			);
			runOnlyForDeploymentPostprocessing = 0;
		};
/* End PBXResourcesBuildPhase section */

/* Begin PBXShellScriptBuildPhase section */
		1CBCABB5EB3D3F645A362AF6 /* [CP] Check Pods Manifest.lock */ = {
			isa = PBXShellScriptBuildPhase;
			buildActionMask = 2147483647;
			files = (
			);
			inputFileListPaths = (
			);
			inputPaths = (
				"${PODS_PODFILE_DIR_PATH}/Podfile.lock",
				"${PODS_ROOT}/Manifest.lock",
			);
			name = "[CP] Check Pods Manifest.lock";
			outputFileListPaths = (
			);
			outputPaths = (
				"$(DERIVED_FILE_DIR)/Pods-EasyNet-checkManifestLockResult.txt",
			);
			runOnlyForDeploymentPostprocessing = 0;
			shellPath = /bin/sh;
			shellScript = "diff \"${PODS_PODFILE_DIR_PATH}/Podfile.lock\" \"${PODS_ROOT}/Manifest.lock\" > /dev/null\nif [ $? != 0 ] ; then\n    # print error to STDERR\n    echo \"error: The sandbox is not in sync with the Podfile.lock. Run 'pod install' or update your CocoaPods installation.\" >&2\n    exit 1\nfi\n# This output is used by Xcode 'outputs' to avoid re-running this script phase.\necho \"SUCCESS\" > \"${SCRIPT_OUTPUT_FILE_0}\"\n";
			showEnvVarsInLog = 0;
		};
		43BD65C39D32F0F74410D12F /* [CP] Embed Pods Frameworks */ = {
			isa = PBXShellScriptBuildPhase;
			buildActionMask = 2147483647;
			files = (
			);
			inputFileListPaths = (
				"${PODS_ROOT}/Target Support Files/Pods-EasyNetDemo/Pods-EasyNetDemo-frameworks-${CONFIGURATION}-input-files.xcfilelist",
			);
			name = "[CP] Embed Pods Frameworks";
			outputFileListPaths = (
				"${PODS_ROOT}/Target Support Files/Pods-EasyNetDemo/Pods-EasyNetDemo-frameworks-${CONFIGURATION}-output-files.xcfilelist",
			);
			runOnlyForDeploymentPostprocessing = 0;
			shellPath = /bin/sh;
			shellScript = "\"${PODS_ROOT}/Target Support Files/Pods-EasyNetDemo/Pods-EasyNetDemo-frameworks.sh\"\n";
			showEnvVarsInLog = 0;
		};
		956E5D463E0555C910DECA7C /* [CP] Check Pods Manifest.lock */ = {
			isa = PBXShellScriptBuildPhase;
			buildActionMask = 2147483647;
			files = (
			);
			inputFileListPaths = (
			);
			inputPaths = (
				"${PODS_PODFILE_DIR_PATH}/Podfile.lock",
				"${PODS_ROOT}/Manifest.lock",
			);
			name = "[CP] Check Pods Manifest.lock";
			outputFileListPaths = (
			);
			outputPaths = (
				"$(DERIVED_FILE_DIR)/Pods-EasyNetDemo-checkManifestLockResult.txt",
			);
			runOnlyForDeploymentPostprocessing = 0;
			shellPath = /bin/sh;
			shellScript = "diff \"${PODS_PODFILE_DIR_PATH}/Podfile.lock\" \"${PODS_ROOT}/Manifest.lock\" > /dev/null\nif [ $? != 0 ] ; then\n    # print error to STDERR\n    echo \"error: The sandbox is not in sync with the Podfile.lock. Run 'pod install' or update your CocoaPods installation.\" >&2\n    exit 1\nfi\n# This output is used by Xcode 'outputs' to avoid re-running this script phase.\necho \"SUCCESS\" > \"${SCRIPT_OUTPUT_FILE_0}\"\n";
			showEnvVarsInLog = 0;
		};
/* End PBXShellScriptBuildPhase section */

/* Begin PBXSourcesBuildPhase section */
		D612FDD826386A420027848D /* Sources */ = {
			isa = PBXSourcesBuildPhase;
			buildActionMask = 2147483647;
			files = (
				D6F9A872264194BF009DB183 /* NSURLSession+HTTPProxy.m in Sources */,
				D6F9A87E264194C8009DB183 /* ENConnectTask.m in Sources */,
				D6F9A873264194BF009DB183 /* NSString+ENConnectTask.m in Sources */,
				D6F9A870264194BF009DB183 /* ENConnectTask+Private.m in Sources */,
				D6F9A87F264194C8009DB183 /* ENInterceptor.m in Sources */,
				D6F9A87C264194C8009DB183 /* ENNetworkAgent.m in Sources */,
			);
			runOnlyForDeploymentPostprocessing = 0;
		};
		D612FE0126386AB70027848D /* Sources */ = {
			isa = PBXSourcesBuildPhase;
			buildActionMask = 2147483647;
			files = (
				D6D17F5926425F3700516648 /* PhotosTableViewPresenter.m in Sources */,
				D6F9A8992641AD20009DB183 /* AccessClient.m in Sources */,
				D6D17F732642710600516648 /* UserModel.m in Sources */,
				D6F9A89F2641ADEC009DB183 /* BaseRequest.m in Sources */,
				D612FE0F26386AB70027848D /* PhotosTableViewController.m in Sources */,
				D6D17F63264263FA00516648 /* PhotoModel.m in Sources */,
				D6D17F7C26427A7900516648 /* ProfileTableViewDataSource.m in Sources */,
				D6A60B9526387AF7004AF28B /* LoggerInterceptor.m in Sources */,
				D6F9A88A2641AA60009DB183 /* NetworkListener.m in Sources */,
				D6F9A8962641AD14009DB183 /* NetworkClient.m in Sources */,
				D6F9A8A92641B1EE009DB183 /* NetworkClient+Request.m in Sources */,
				D6D17F5F26425F8000516648 /* PhotosTableViewCell.m in Sources */,
				D6F9A8A22641ADF9009DB183 /* AccessRequest.m in Sources */,
				D6A60B9826387B89004AF28B /* AccessTokenInterceptor.m in Sources */,
				D6F9A88D2641AA9E009DB183 /* NetworkReachInterceptor.m in Sources */,
				D6D17F792642787E00516648 /* ProfileTableViewCell.m in Sources */,
				D6D17F5C26425F5600516648 /* PhotosTableViewDataSource.m in Sources */,
				D6D17F70264270EA00516648 /* ProfileTableViewController.m in Sources */,
				D60C512B2641BAD30064FEC3 /* BaseResponse.m in Sources */,
				D60C51282641BAA20064FEC3 /* AccessResponse.m in Sources */,
				D612FE0926386AB70027848D /* AppDelegate.m in Sources */,
				D6F9A8A62641B1B6009DB183 /* AccessClient+Request.m in Sources */,
				D612FE1A26386AB80027848D /* main.m in Sources */,
				D6D17F762642711600516648 /* ProfileTableViewPresenter.m in Sources */,
			);
			runOnlyForDeploymentPostprocessing = 0;
		};
/* End PBXSourcesBuildPhase section */

/* Begin PBXTargetDependency section */
		D6F9A88526419594009DB183 /* PBXTargetDependency */ = {
			isa = PBXTargetDependency;
			target = D612FDDB26386A420027848D /* EasyNet */;
			targetProxy = D6F9A88426419594009DB183 /* PBXContainerItemProxy */;
		};
/* End PBXTargetDependency section */

/* Begin PBXVariantGroup section */
		D612FE1026386AB70027848D /* Main.storyboard */ = {
			isa = PBXVariantGroup;
			children = (
				D612FE1126386AB70027848D /* Base */,
			);
			name = Main.storyboard;
			path = .;
			sourceTree = "<group>";
		};
		D612FE1526386AB80027848D /* LaunchScreen.storyboard */ = {
			isa = PBXVariantGroup;
			children = (
				D612FE1626386AB80027848D /* Base */,
			);
			name = LaunchScreen.storyboard;
			path = .;
			sourceTree = "<group>";
		};
/* End PBXVariantGroup section */

/* Begin XCBuildConfiguration section */
		D612FDE226386A420027848D /* Debug */ = {
			isa = XCBuildConfiguration;
			buildSettings = {
				ALWAYS_SEARCH_USER_PATHS = NO;
				CLANG_ANALYZER_NONNULL = YES;
				CLANG_ANALYZER_NUMBER_OBJECT_CONVERSION = YES_AGGRESSIVE;
				CLANG_CXX_LANGUAGE_STANDARD = "gnu++14";
				CLANG_CXX_LIBRARY = "libc++";
				CLANG_ENABLE_MODULES = YES;
				CLANG_ENABLE_OBJC_ARC = YES;
				CLANG_ENABLE_OBJC_WEAK = YES;
				CLANG_WARN_BLOCK_CAPTURE_AUTORELEASING = YES;
				CLANG_WARN_BOOL_CONVERSION = YES;
				CLANG_WARN_COMMA = YES;
				CLANG_WARN_CONSTANT_CONVERSION = YES;
				CLANG_WARN_DEPRECATED_OBJC_IMPLEMENTATIONS = YES;
				CLANG_WARN_DIRECT_OBJC_ISA_USAGE = YES_ERROR;
				CLANG_WARN_DOCUMENTATION_COMMENTS = YES;
				CLANG_WARN_EMPTY_BODY = YES;
				CLANG_WARN_ENUM_CONVERSION = YES;
				CLANG_WARN_INFINITE_RECURSION = YES;
				CLANG_WARN_INT_CONVERSION = YES;
				CLANG_WARN_NON_LITERAL_NULL_CONVERSION = YES;
				CLANG_WARN_OBJC_IMPLICIT_RETAIN_SELF = YES;
				CLANG_WARN_OBJC_LITERAL_CONVERSION = YES;
				CLANG_WARN_OBJC_ROOT_CLASS = YES_ERROR;
				CLANG_WARN_QUOTED_INCLUDE_IN_FRAMEWORK_HEADER = YES;
				CLANG_WARN_RANGE_LOOP_ANALYSIS = YES;
				CLANG_WARN_STRICT_PROTOTYPES = YES;
				CLANG_WARN_SUSPICIOUS_MOVE = YES;
				CLANG_WARN_UNGUARDED_AVAILABILITY = YES_AGGRESSIVE;
				CLANG_WARN_UNREACHABLE_CODE = YES;
				CLANG_WARN__DUPLICATE_METHOD_MATCH = YES;
				COPY_PHASE_STRIP = NO;
				CURRENT_PROJECT_VERSION = 1;
				DEBUG_INFORMATION_FORMAT = dwarf;
				ENABLE_STRICT_OBJC_MSGSEND = YES;
				ENABLE_TESTABILITY = YES;
				GCC_C_LANGUAGE_STANDARD = gnu11;
				GCC_DYNAMIC_NO_PIC = NO;
				GCC_NO_COMMON_BLOCKS = YES;
				GCC_OPTIMIZATION_LEVEL = 0;
				GCC_PREPROCESSOR_DEFINITIONS = (
					"DEBUG=1",
					"$(inherited)",
				);
				GCC_WARN_64_TO_32_BIT_CONVERSION = YES;
				GCC_WARN_ABOUT_RETURN_TYPE = YES_ERROR;
				GCC_WARN_UNDECLARED_SELECTOR = YES;
				GCC_WARN_UNINITIALIZED_AUTOS = YES_AGGRESSIVE;
				GCC_WARN_UNUSED_FUNCTION = YES;
				GCC_WARN_UNUSED_VARIABLE = YES;
				IPHONEOS_DEPLOYMENT_TARGET = 11.0;
				MTL_ENABLE_DEBUG_INFO = INCLUDE_SOURCE;
				MTL_FAST_MATH = YES;
				ONLY_ACTIVE_ARCH = YES;
				SDKROOT = iphoneos;
				VERSIONING_SYSTEM = "apple-generic";
				VERSION_INFO_PREFIX = "";
			};
			name = Debug;
		};
		D612FDE326386A420027848D /* Release */ = {
			isa = XCBuildConfiguration;
			buildSettings = {
				ALWAYS_SEARCH_USER_PATHS = NO;
				CLANG_ANALYZER_NONNULL = YES;
				CLANG_ANALYZER_NUMBER_OBJECT_CONVERSION = YES_AGGRESSIVE;
				CLANG_CXX_LANGUAGE_STANDARD = "gnu++14";
				CLANG_CXX_LIBRARY = "libc++";
				CLANG_ENABLE_MODULES = YES;
				CLANG_ENABLE_OBJC_ARC = YES;
				CLANG_ENABLE_OBJC_WEAK = YES;
				CLANG_WARN_BLOCK_CAPTURE_AUTORELEASING = YES;
				CLANG_WARN_BOOL_CONVERSION = YES;
				CLANG_WARN_COMMA = YES;
				CLANG_WARN_CONSTANT_CONVERSION = YES;
				CLANG_WARN_DEPRECATED_OBJC_IMPLEMENTATIONS = YES;
				CLANG_WARN_DIRECT_OBJC_ISA_USAGE = YES_ERROR;
				CLANG_WARN_DOCUMENTATION_COMMENTS = YES;
				CLANG_WARN_EMPTY_BODY = YES;
				CLANG_WARN_ENUM_CONVERSION = YES;
				CLANG_WARN_INFINITE_RECURSION = YES;
				CLANG_WARN_INT_CONVERSION = YES;
				CLANG_WARN_NON_LITERAL_NULL_CONVERSION = YES;
				CLANG_WARN_OBJC_IMPLICIT_RETAIN_SELF = YES;
				CLANG_WARN_OBJC_LITERAL_CONVERSION = YES;
				CLANG_WARN_OBJC_ROOT_CLASS = YES_ERROR;
				CLANG_WARN_QUOTED_INCLUDE_IN_FRAMEWORK_HEADER = YES;
				CLANG_WARN_RANGE_LOOP_ANALYSIS = YES;
				CLANG_WARN_STRICT_PROTOTYPES = YES;
				CLANG_WARN_SUSPICIOUS_MOVE = YES;
				CLANG_WARN_UNGUARDED_AVAILABILITY = YES_AGGRESSIVE;
				CLANG_WARN_UNREACHABLE_CODE = YES;
				CLANG_WARN__DUPLICATE_METHOD_MATCH = YES;
				COPY_PHASE_STRIP = NO;
				CURRENT_PROJECT_VERSION = 1;
				DEBUG_INFORMATION_FORMAT = "dwarf-with-dsym";
				ENABLE_NS_ASSERTIONS = NO;
				ENABLE_STRICT_OBJC_MSGSEND = YES;
				GCC_C_LANGUAGE_STANDARD = gnu11;
				GCC_NO_COMMON_BLOCKS = YES;
				GCC_WARN_64_TO_32_BIT_CONVERSION = YES;
				GCC_WARN_ABOUT_RETURN_TYPE = YES_ERROR;
				GCC_WARN_UNDECLARED_SELECTOR = YES;
				GCC_WARN_UNINITIALIZED_AUTOS = YES_AGGRESSIVE;
				GCC_WARN_UNUSED_FUNCTION = YES;
				GCC_WARN_UNUSED_VARIABLE = YES;
				IPHONEOS_DEPLOYMENT_TARGET = 11.0;
				MTL_ENABLE_DEBUG_INFO = NO;
				MTL_FAST_MATH = YES;
				SDKROOT = iphoneos;
				VALIDATE_PRODUCT = YES;
				VERSIONING_SYSTEM = "apple-generic";
				VERSION_INFO_PREFIX = "";
			};
			name = Release;
		};
		D612FDE526386A420027848D /* Debug */ = {
			isa = XCBuildConfiguration;
			baseConfigurationReference = C2D3A0E839AF8E49A37719C5 /* Pods-EasyNet.debug.xcconfig */;
			buildSettings = {
				CODE_SIGN_STYLE = Automatic;
				DEFINES_MODULE = YES;
				DEVELOPMENT_TEAM = VV54GVQ3K7;
				DYLIB_COMPATIBILITY_VERSION = 1;
				DYLIB_CURRENT_VERSION = 1;
				DYLIB_INSTALL_NAME_BASE = "@rpath";
				INFOPLIST_FILE = "$(SRCROOT)/EasyNet/Info.plist";
				INSTALL_PATH = "$(LOCAL_LIBRARY_DIR)/Frameworks";
				IPHONEOS_DEPLOYMENT_TARGET = 11.0;
				LD_RUNPATH_SEARCH_PATHS = (
					"$(inherited)",
					"@executable_path/Frameworks",
					"@loader_path/Frameworks",
				);
				PRODUCT_BUNDLE_IDENTIFIER = com.lidan.EasyNet;
				PRODUCT_NAME = "$(TARGET_NAME:c99extidentifier)";
				SKIP_INSTALL = YES;
				TARGETED_DEVICE_FAMILY = "1,2";
			};
			name = Debug;
		};
		D612FDE626386A420027848D /* Release */ = {
			isa = XCBuildConfiguration;
			baseConfigurationReference = 2F195E8B69371A26A161537D /* Pods-EasyNet.release.xcconfig */;
			buildSettings = {
				CODE_SIGN_STYLE = Automatic;
				DEFINES_MODULE = YES;
				DEVELOPMENT_TEAM = VV54GVQ3K7;
				DYLIB_COMPATIBILITY_VERSION = 1;
				DYLIB_CURRENT_VERSION = 1;
				DYLIB_INSTALL_NAME_BASE = "@rpath";
				INFOPLIST_FILE = "$(SRCROOT)/EasyNet/Info.plist";
				INSTALL_PATH = "$(LOCAL_LIBRARY_DIR)/Frameworks";
				IPHONEOS_DEPLOYMENT_TARGET = 11.0;
				LD_RUNPATH_SEARCH_PATHS = (
					"$(inherited)",
					"@executable_path/Frameworks",
					"@loader_path/Frameworks",
				);
				PRODUCT_BUNDLE_IDENTIFIER = com.lidan.EasyNet;
				PRODUCT_NAME = "$(TARGET_NAME:c99extidentifier)";
				SKIP_INSTALL = YES;
				TARGETED_DEVICE_FAMILY = "1,2";
			};
			name = Release;
		};
		D612FE1C26386AB80027848D /* Debug */ = {
			isa = XCBuildConfiguration;
			baseConfigurationReference = 1071FC2451AC042ED4EB2020 /* Pods-EasyNetDemo.debug.xcconfig */;
			buildSettings = {
				ASSETCATALOG_COMPILER_APPICON_NAME = AppIcon;
				ASSETCATALOG_COMPILER_GLOBAL_ACCENT_COLOR_NAME = AccentColor;
				CODE_SIGN_STYLE = Automatic;
				DEVELOPMENT_TEAM = VV54GVQ3K7;
				INFOPLIST_FILE = "$(SRCROOT)/EasyNetDemo/Supporting Files/Info.plist";
				IPHONEOS_DEPLOYMENT_TARGET = 11.0;
				LD_RUNPATH_SEARCH_PATHS = (
					"$(inherited)",
					"@executable_path/Frameworks",
				);
				PRODUCT_BUNDLE_IDENTIFIER = com.lidan.FastNetworkDemo;
				PRODUCT_NAME = "$(TARGET_NAME)";
				TARGETED_DEVICE_FAMILY = "1,2";
			};
			name = Debug;
		};
		D612FE1D26386AB80027848D /* Release */ = {
			isa = XCBuildConfiguration;
			baseConfigurationReference = 0006EB720F65B00C9DF7E99C /* Pods-EasyNetDemo.release.xcconfig */;
			buildSettings = {
				ASSETCATALOG_COMPILER_APPICON_NAME = AppIcon;
				ASSETCATALOG_COMPILER_GLOBAL_ACCENT_COLOR_NAME = AccentColor;
				CODE_SIGN_STYLE = Automatic;
				DEVELOPMENT_TEAM = VV54GVQ3K7;
				INFOPLIST_FILE = "$(SRCROOT)/EasyNetDemo/Supporting Files/Info.plist";
				IPHONEOS_DEPLOYMENT_TARGET = 11.0;
				LD_RUNPATH_SEARCH_PATHS = (
					"$(inherited)",
					"@executable_path/Frameworks",
				);
				PRODUCT_BUNDLE_IDENTIFIER = com.lidan.FastNetworkDemo;
				PRODUCT_NAME = "$(TARGET_NAME)";
				TARGETED_DEVICE_FAMILY = "1,2";
			};
			name = Release;
		};
/* End XCBuildConfiguration section */

/* Begin XCConfigurationList section */
		D612FDD626386A420027848D /* Build configuration list for PBXProject "EasyNet" */ = {
			isa = XCConfigurationList;
			buildConfigurations = (
				D612FDE226386A420027848D /* Debug */,
				D612FDE326386A420027848D /* Release */,
			);
			defaultConfigurationIsVisible = 0;
			defaultConfigurationName = Release;
		};
		D612FDE426386A420027848D /* Build configuration list for PBXNativeTarget "EasyNet" */ = {
			isa = XCConfigurationList;
			buildConfigurations = (
				D612FDE526386A420027848D /* Debug */,
				D612FDE626386A420027848D /* Release */,
			);
			defaultConfigurationIsVisible = 0;
			defaultConfigurationName = Release;
		};
		D612FE1B26386AB80027848D /* Build configuration list for PBXNativeTarget "EasyNetDemo" */ = {
			isa = XCConfigurationList;
			buildConfigurations = (
				D612FE1C26386AB80027848D /* Debug */,
				D612FE1D26386AB80027848D /* Release */,
			);
			defaultConfigurationIsVisible = 0;
			defaultConfigurationName = Release;
		};
/* End XCConfigurationList section */
	};
	rootObject = D612FDD326386A420027848D /* Project object */;
}
